// !$*UTF8*$!
{
	archiveVersion = 1;
	classes = {
	};
	objectVersion = 51;
	objects = {

/* Begin PBXBuildFile section */
		4785A436B916652B25259E09 /* Pods_Nuke.framework in Frameworks */ = {isa = PBXBuildFile; fileRef = 47ED45F9CC2DA6B7E278A273 /* Pods_Nuke.framework */; };
		C901CA6A25993DEE006DF5BE /* AppDelegate.swift in Sources */ = {isa = PBXBuildFile; fileRef = C901CA6925993DEE006DF5BE /* AppDelegate.swift */; };
		C901CA6E25993DEE006DF5BE /* Assets.xcassets in Resources */ = {isa = PBXBuildFile; fileRef = C901CA6D25993DEE006DF5BE /* Assets.xcassets */; };
		C901CA7125993DEE006DF5BE /* Main.storyboard in Resources */ = {isa = PBXBuildFile; fileRef = C901CA6F25993DEE006DF5BE /* Main.storyboard */; };
		C990D437259A9E3E00A1711E /* ContentView.swift in Sources */ = {isa = PBXBuildFile; fileRef = C990D436259A9E3E00A1711E /* ContentView.swift */; };
		C9A3DDA425B54E4D00E79E57 /* NukeButtonView.swift in Sources */ = {isa = PBXBuildFile; fileRef = C9A3DDA325B54E4D00E79E57 /* NukeButtonView.swift */; };
		C9A3DDA825B5530800E79E57 /* QuitButtonView.swift in Sources */ = {isa = PBXBuildFile; fileRef = C9A3DDA725B5530800E79E57 /* QuitButtonView.swift */; };
/* End PBXBuildFile section */

/* Begin PBXFileReference section */
		47ED45F9CC2DA6B7E278A273 /* Pods_Nuke.framework */ = {isa = PBXFileReference; explicitFileType = wrapper.framework; includeInIndex = 0; path = Pods_Nuke.framework; sourceTree = BUILT_PRODUCTS_DIR; };
		7C8BD32B084F62C4E0F10569 /* Pods-Nuke.debug.xcconfig */ = {isa = PBXFileReference; includeInIndex = 1; lastKnownFileType = text.xcconfig; name = "Pods-Nuke.debug.xcconfig"; path = "Target Support Files/Pods-Nuke/Pods-Nuke.debug.xcconfig"; sourceTree = "<group>"; };
		C901CA6625993DEE006DF5BE /* Nuke.app */ = {isa = PBXFileReference; explicitFileType = wrapper.application; includeInIndex = 0; path = Nuke.app; sourceTree = BUILT_PRODUCTS_DIR; };
		C901CA6925993DEE006DF5BE /* AppDelegate.swift */ = {isa = PBXFileReference; lastKnownFileType = sourcecode.swift; path = AppDelegate.swift; sourceTree = "<group>"; };
		C901CA6D25993DEE006DF5BE /* Assets.xcassets */ = {isa = PBXFileReference; lastKnownFileType = folder.assetcatalog; path = Assets.xcassets; sourceTree = "<group>"; };
		C901CA7025993DEE006DF5BE /* Base */ = {isa = PBXFileReference; lastKnownFileType = file.storyboard; name = Base; path = Base.lproj/Main.storyboard; sourceTree = "<group>"; };
		C901CA7225993DEE006DF5BE /* Info.plist */ = {isa = PBXFileReference; lastKnownFileType = text.plist.xml; path = Info.plist; sourceTree = "<group>"; };
		C901CA7325993DEE006DF5BE /* Nuke.entitlements */ = {isa = PBXFileReference; lastKnownFileType = text.plist.entitlements; path = Nuke.entitlements; sourceTree = "<group>"; };
		C990D436259A9E3E00A1711E /* ContentView.swift */ = {isa = PBXFileReference; lastKnownFileType = sourcecode.swift; path = ContentView.swift; sourceTree = "<group>"; };
		C9A3DDA325B54E4D00E79E57 /* NukeButtonView.swift */ = {isa = PBXFileReference; lastKnownFileType = sourcecode.swift; path = NukeButtonView.swift; sourceTree = "<group>"; };
		C9A3DDA725B5530800E79E57 /* QuitButtonView.swift */ = {isa = PBXFileReference; lastKnownFileType = sourcecode.swift; path = QuitButtonView.swift; sourceTree = "<group>"; };
		D89BA38E5F472074E8F92F2F /* Pods-Nuke.release.xcconfig */ = {isa = PBXFileReference; includeInIndex = 1; lastKnownFileType = text.xcconfig; name = "Pods-Nuke.release.xcconfig"; path = "Target Support Files/Pods-Nuke/Pods-Nuke.release.xcconfig"; sourceTree = "<group>"; };
/* End PBXFileReference section */

/* Begin PBXFrameworksBuildPhase section */
		C901CA6325993DEE006DF5BE /* Frameworks */ = {
			isa = PBXFrameworksBuildPhase;
			buildActionMask = 2147483647;
			files = (
				4785A436B916652B25259E09 /* Pods_Nuke.framework in Frameworks */,
			);
			runOnlyForDeploymentPostprocessing = 0;
		};
/* End PBXFrameworksBuildPhase section */

/* Begin PBXGroup section */
		382E94EBFC1C0144105C4F44 /* Frameworks */ = {
			isa = PBXGroup;
			children = (
				47ED45F9CC2DA6B7E278A273 /* Pods_Nuke.framework */,
			);
			name = Frameworks;
			sourceTree = "<group>";
		};
		62F98DCF9B81EB05AC17A28F /* Pods */ = {
			isa = PBXGroup;
			children = (
				7C8BD32B084F62C4E0F10569 /* Pods-Nuke.debug.xcconfig */,
				D89BA38E5F472074E8F92F2F /* Pods-Nuke.release.xcconfig */,
			);
			path = Pods;
			sourceTree = "<group>";
		};
		C901CA5D25993DEE006DF5BE = {
			isa = PBXGroup;
			children = (
				C901CA6825993DEE006DF5BE /* Nuke */,
				C901CA6725993DEE006DF5BE /* Products */,
				62F98DCF9B81EB05AC17A28F /* Pods */,
				382E94EBFC1C0144105C4F44 /* Frameworks */,
			);
			sourceTree = "<group>";
		};
		C901CA6725993DEE006DF5BE /* Products */ = {
			isa = PBXGroup;
			children = (
				C901CA6625993DEE006DF5BE /* Nuke.app */,
			);
			name = Products;
			sourceTree = "<group>";
		};
		C901CA6825993DEE006DF5BE /* Nuke */ = {
			isa = PBXGroup;
			children = (
				C9A3DDA125B54E3200E79E57 /* Views */,
				C901CA6925993DEE006DF5BE /* AppDelegate.swift */,
				C990D436259A9E3E00A1711E /* ContentView.swift */,
				C901CA6D25993DEE006DF5BE /* Assets.xcassets */,
				C901CA6F25993DEE006DF5BE /* Main.storyboard */,
				C901CA7225993DEE006DF5BE /* Info.plist */,
				C901CA7325993DEE006DF5BE /* Nuke.entitlements */,
			);
			path = Nuke;
			sourceTree = "<group>";
		};
		C9A3DDA125B54E3200E79E57 /* Views */ = {
			isa = PBXGroup;
			children = (
				C9A3DDA225B54E3B00E79E57 /* Buttons */,
			);
			path = Views;
			sourceTree = "<group>";
		};
		C9A3DDA225B54E3B00E79E57 /* Buttons */ = {
			isa = PBXGroup;
			children = (
				C9A3DDA325B54E4D00E79E57 /* NukeButtonView.swift */,
				C9A3DDA725B5530800E79E57 /* QuitButtonView.swift */,
			);
			path = Buttons;
			sourceTree = "<group>";
		};
/* End PBXGroup section */

/* Begin PBXNativeTarget section */
		C901CA6525993DEE006DF5BE /* Nuke */ = {
			isa = PBXNativeTarget;
			buildConfigurationList = C901CA7625993DEE006DF5BE /* Build configuration list for PBXNativeTarget "Nuke" */;
			buildPhases = (
				A9A25754FBD0AF73EE9A6D8D /* [CP] Check Pods Manifest.lock */,
				C901CA6225993DEE006DF5BE /* Sources */,
				C901CA6325993DEE006DF5BE /* Frameworks */,
				C901CA6425993DEE006DF5BE /* Resources */,
				C9A464D2259944C700D5F17A /* ShellScript */,
				AD77D5D9F5B7A9E5B1E212DA /* [CP] Embed Pods Frameworks */,
			);
			buildRules = (
			);
			dependencies = (
			);
			name = Nuke;
			productName = Nuke;
			productReference = C901CA6625993DEE006DF5BE /* Nuke.app */;
			productType = "com.apple.product-type.application";
		};
/* End PBXNativeTarget section */

/* Begin PBXProject section */
		C901CA5E25993DEE006DF5BE /* Project object */ = {
			isa = PBXProject;
			attributes = {
				LastSwiftUpdateCheck = 1230;
				LastUpgradeCheck = 1230;
				TargetAttributes = {
					C901CA6525993DEE006DF5BE = {
						CreatedOnToolsVersion = 12.3;
					};
				};
			};
			buildConfigurationList = C901CA6125993DEE006DF5BE /* Build configuration list for PBXProject "Nuke" */;
			compatibilityVersion = "Xcode 9.3";
			developmentRegion = en;
			hasScannedForEncodings = 0;
			knownRegions = (
				en,
				Base,
			);
			mainGroup = C901CA5D25993DEE006DF5BE;
			productRefGroup = C901CA6725993DEE006DF5BE /* Products */;
			projectDirPath = "";
			projectRoot = "";
			targets = (
				C901CA6525993DEE006DF5BE /* Nuke */,
			);
		};
/* End PBXProject section */

/* Begin PBXResourcesBuildPhase section */
		C901CA6425993DEE006DF5BE /* Resources */ = {
			isa = PBXResourcesBuildPhase;
			buildActionMask = 2147483647;
			files = (
				C901CA6E25993DEE006DF5BE /* Assets.xcassets in Resources */,
				C901CA7125993DEE006DF5BE /* Main.storyboard in Resources */,
			);
			runOnlyForDeploymentPostprocessing = 0;
		};
/* End PBXResourcesBuildPhase section */

/* Begin PBXShellScriptBuildPhase section */
		A9A25754FBD0AF73EE9A6D8D /* [CP] Check Pods Manifest.lock */ = {
			isa = PBXShellScriptBuildPhase;
			buildActionMask = 2147483647;
			files = (
			);
			inputFileListPaths = (
			);
			inputPaths = (
				"${PODS_PODFILE_DIR_PATH}/Podfile.lock",
				"${PODS_ROOT}/Manifest.lock",
			);
			name = "[CP] Check Pods Manifest.lock";
			outputFileListPaths = (
			);
			outputPaths = (
				"$(DERIVED_FILE_DIR)/Pods-Nuke-checkManifestLockResult.txt",
			);
			runOnlyForDeploymentPostprocessing = 0;
			shellPath = /bin/sh;
			shellScript = "diff \"${PODS_PODFILE_DIR_PATH}/Podfile.lock\" \"${PODS_ROOT}/Manifest.lock\" > /dev/null\nif [ $? != 0 ] ; then\n    # print error to STDERR\n    echo \"error: The sandbox is not in sync with the Podfile.lock. Run 'pod install' or update your CocoaPods installation.\" >&2\n    exit 1\nfi\n# This output is used by Xcode 'outputs' to avoid re-running this script phase.\necho \"SUCCESS\" > \"${SCRIPT_OUTPUT_FILE_0}\"\n";
			showEnvVarsInLog = 0;
		};
		AD77D5D9F5B7A9E5B1E212DA /* [CP] Embed Pods Frameworks */ = {
			isa = PBXShellScriptBuildPhase;
			buildActionMask = 2147483647;
			files = (
			);
			inputFileListPaths = (
				"${PODS_ROOT}/Target Support Files/Pods-Nuke/Pods-Nuke-frameworks-${CONFIGURATION}-input-files.xcfilelist",
			);
			name = "[CP] Embed Pods Frameworks";
			outputFileListPaths = (
				"${PODS_ROOT}/Target Support Files/Pods-Nuke/Pods-Nuke-frameworks-${CONFIGURATION}-output-files.xcfilelist",
			);
			runOnlyForDeploymentPostprocessing = 0;
			shellPath = /bin/sh;
			shellScript = "\"${PODS_ROOT}/Target Support Files/Pods-Nuke/Pods-Nuke-frameworks.sh\"\n";
			showEnvVarsInLog = 0;
		};
		C9A464D2259944C700D5F17A /* ShellScript */ = {
			isa = PBXShellScriptBuildPhase;
			buildActionMask = 2147483647;
			files = (
			);
			inputFileListPaths = (
			);
			inputPaths = (
			);
			outputFileListPaths = (
			);
			outputPaths = (
			);
			runOnlyForDeploymentPostprocessing = 0;
			shellPath = /bin/sh;
			shellScript = "if which swiftlint >/dev/null; then\n  swiftlint\nelse\n  echo \"warning: SwiftLint not installed, download from https://github.com/realm/SwiftLint\"\nfi\n";
		};
/* End PBXShellScriptBuildPhase section */

/* Begin PBXSourcesBuildPhase section */
		C901CA6225993DEE006DF5BE /* Sources */ = {
			isa = PBXSourcesBuildPhase;
			buildActionMask = 2147483647;
			files = (
				C9A3DDA425B54E4D00E79E57 /* NukeButtonView.swift in Sources */,
				C9A3DDA825B5530800E79E57 /* QuitButtonView.swift in Sources */,
				C901CA6A25993DEE006DF5BE /* AppDelegate.swift in Sources */,
				C990D437259A9E3E00A1711E /* ContentView.swift in Sources */,
			);
			runOnlyForDeploymentPostprocessing = 0;
		};
/* End PBXSourcesBuildPhase section */

/* Begin PBXVariantGroup section */
		C901CA6F25993DEE006DF5BE /* Main.storyboard */ = {
			isa = PBXVariantGroup;
			children = (
				C901CA7025993DEE006DF5BE /* Base */,
			);
			name = Main.storyboard;
			sourceTree = "<group>";
		};
/* End PBXVariantGroup section */

/* Begin XCBuildConfiguration section */
		C901CA7425993DEE006DF5BE /* Debug */ = {
			isa = XCBuildConfiguration;
			buildSettings = {
				ALWAYS_SEARCH_USER_PATHS = NO;
				CLANG_ANALYZER_NONNULL = YES;
				CLANG_ANALYZER_NUMBER_OBJECT_CONVERSION = YES_AGGRESSIVE;
				CLANG_CXX_LANGUAGE_STANDARD = "gnu++14";
				CLANG_CXX_LIBRARY = "libc++";
				CLANG_ENABLE_MODULES = YES;
				CLANG_ENABLE_OBJC_ARC = YES;
				CLANG_ENABLE_OBJC_WEAK = YES;
				CLANG_WARN_BLOCK_CAPTURE_AUTORELEASING = YES;
				CLANG_WARN_BOOL_CONVERSION = YES;
				CLANG_WARN_COMMA = YES;
				CLANG_WARN_CONSTANT_CONVERSION = YES;
				CLANG_WARN_DEPRECATED_OBJC_IMPLEMENTATIONS = YES;
				CLANG_WARN_DIRECT_OBJC_ISA_USAGE = YES_ERROR;
				CLANG_WARN_DOCUMENTATION_COMMENTS = YES;
				CLANG_WARN_EMPTY_BODY = YES;
				CLANG_WARN_ENUM_CONVERSION = YES;
				CLANG_WARN_INFINITE_RECURSION = YES;
				CLANG_WARN_INT_CONVERSION = YES;
				CLANG_WARN_NON_LITERAL_NULL_CONVERSION = YES;
				CLANG_WARN_OBJC_IMPLICIT_RETAIN_SELF = YES;
				CLANG_WARN_OBJC_LITERAL_CONVERSION = YES;
				CLANG_WARN_OBJC_ROOT_CLASS = YES_ERROR;
				CLANG_WARN_QUOTED_INCLUDE_IN_FRAMEWORK_HEADER = YES;
				CLANG_WARN_RANGE_LOOP_ANALYSIS = YES;
				CLANG_WARN_STRICT_PROTOTYPES = YES;
				CLANG_WARN_SUSPICIOUS_MOVE = YES;
				CLANG_WARN_UNGUARDED_AVAILABILITY = YES_AGGRESSIVE;
				CLANG_WARN_UNREACHABLE_CODE = YES;
				CLANG_WARN__DUPLICATE_METHOD_MATCH = YES;
				COPY_PHASE_STRIP = NO;
				DEBUG_INFORMATION_FORMAT = dwarf;
				ENABLE_STRICT_OBJC_MSGSEND = YES;
				ENABLE_TESTABILITY = YES;
				GCC_C_LANGUAGE_STANDARD = gnu11;
				GCC_DYNAMIC_NO_PIC = NO;
				GCC_NO_COMMON_BLOCKS = YES;
				GCC_OPTIMIZATION_LEVEL = 0;
				GCC_PREPROCESSOR_DEFINITIONS = (
					"DEBUG=1",
					"$(inherited)",
				);
				GCC_WARN_64_TO_32_BIT_CONVERSION = YES;
				GCC_WARN_ABOUT_RETURN_TYPE = YES_ERROR;
				GCC_WARN_UNDECLARED_SELECTOR = YES;
				GCC_WARN_UNINITIALIZED_AUTOS = YES_AGGRESSIVE;
				GCC_WARN_UNUSED_FUNCTION = YES;
				GCC_WARN_UNUSED_VARIABLE = YES;
				MACOSX_DEPLOYMENT_TARGET = 11.0;
				MTL_ENABLE_DEBUG_INFO = INCLUDE_SOURCE;
				MTL_FAST_MATH = YES;
				ONLY_ACTIVE_ARCH = YES;
				SDKROOT = macosx;
				SWIFT_ACTIVE_COMPILATION_CONDITIONS = DEBUG;
				SWIFT_OPTIMIZATION_LEVEL = "-Onone";
			};
			name = Debug;
		};
		C901CA7525993DEE006DF5BE /* Release */ = {
			isa = XCBuildConfiguration;
			buildSettings = {
				ALWAYS_SEARCH_USER_PATHS = NO;
				CLANG_ANALYZER_NONNULL = YES;
				CLANG_ANALYZER_NUMBER_OBJECT_CONVERSION = YES_AGGRESSIVE;
				CLANG_CXX_LANGUAGE_STANDARD = "gnu++14";
				CLANG_CXX_LIBRARY = "libc++";
				CLANG_ENABLE_MODULES = YES;
				CLANG_ENABLE_OBJC_ARC = YES;
				CLANG_ENABLE_OBJC_WEAK = YES;
				CLANG_WARN_BLOCK_CAPTURE_AUTORELEASING = YES;
				CLANG_WARN_BOOL_CONVERSION = YES;
				CLANG_WARN_COMMA = YES;
				CLANG_WARN_CONSTANT_CONVERSION = YES;
				CLANG_WARN_DEPRECATED_OBJC_IMPLEMENTATIONS = YES;
				CLANG_WARN_DIRECT_OBJC_ISA_USAGE = YES_ERROR;
				CLANG_WARN_DOCUMENTATION_COMMENTS = YES;
				CLANG_WARN_EMPTY_BODY = YES;
				CLANG_WARN_ENUM_CONVERSION = YES;
				CLANG_WARN_INFINITE_RECURSION = YES;
				CLANG_WARN_INT_CONVERSION = YES;
				CLANG_WARN_NON_LITERAL_NULL_CONVERSION = YES;
				CLANG_WARN_OBJC_IMPLICIT_RETAIN_SELF = YES;
				CLANG_WARN_OBJC_LITERAL_CONVERSION = YES;
				CLANG_WARN_OBJC_ROOT_CLASS = YES_ERROR;
				CLANG_WARN_QUOTED_INCLUDE_IN_FRAMEWORK_HEADER = YES;
				CLANG_WARN_RANGE_LOOP_ANALYSIS = YES;
				CLANG_WARN_STRICT_PROTOTYPES = YES;
				CLANG_WARN_SUSPICIOUS_MOVE = YES;
				CLANG_WARN_UNGUARDED_AVAILABILITY = YES_AGGRESSIVE;
				CLANG_WARN_UNREACHABLE_CODE = YES;
				CLANG_WARN__DUPLICATE_METHOD_MATCH = YES;
				COPY_PHASE_STRIP = NO;
				DEBUG_INFORMATION_FORMAT = "dwarf-with-dsym";
				ENABLE_NS_ASSERTIONS = NO;
				ENABLE_STRICT_OBJC_MSGSEND = YES;
				GCC_C_LANGUAGE_STANDARD = gnu11;
				GCC_NO_COMMON_BLOCKS = YES;
				GCC_WARN_64_TO_32_BIT_CONVERSION = YES;
				GCC_WARN_ABOUT_RETURN_TYPE = YES_ERROR;
				GCC_WARN_UNDECLARED_SELECTOR = YES;
				GCC_WARN_UNINITIALIZED_AUTOS = YES_AGGRESSIVE;
				GCC_WARN_UNUSED_FUNCTION = YES;
				GCC_WARN_UNUSED_VARIABLE = YES;
				MACOSX_DEPLOYMENT_TARGET = 11.0;
				MTL_ENABLE_DEBUG_INFO = NO;
				MTL_FAST_MATH = YES;
				SDKROOT = macosx;
				SWIFT_COMPILATION_MODE = wholemodule;
				SWIFT_OPTIMIZATION_LEVEL = "-O";
			};
			name = Release;
		};
		C901CA7725993DEE006DF5BE /* Debug */ = {
			isa = XCBuildConfiguration;
			baseConfigurationReference = 7C8BD32B084F62C4E0F10569 /* Pods-Nuke.debug.xcconfig */;
			buildSettings = {
				ASSETCATALOG_COMPILER_APPICON_NAME = AppIcon;
				ASSETCATALOG_COMPILER_GLOBAL_ACCENT_COLOR_NAME = AccentColor;
				CODE_SIGN_ENTITLEMENTS = Nuke/Nuke.entitlements;
				CODE_SIGN_IDENTITY = "-";
				CODE_SIGN_STYLE = Automatic;
				COMBINE_HIDPI_IMAGES = YES;
				INFOPLIST_FILE = Nuke/Info.plist;
				LD_RUNPATH_SEARCH_PATHS = (
					"$(inherited)",
					"@executable_path/../Frameworks",
				);
				PRODUCT_BUNDLE_IDENTIFIER = com.magnesiumsoftware.Nuke;
				PRODUCT_NAME = "$(TARGET_NAME)";
				SWIFT_VERSION = 5.0;
			};
			name = Debug;
		};
		C901CA7825993DEE006DF5BE /* Release */ = {
			isa = XCBuildConfiguration;
			baseConfigurationReference = D89BA38E5F472074E8F92F2F /* Pods-Nuke.release.xcconfig */;
			buildSettings = {
				ASSETCATALOG_COMPILER_APPICON_NAME = AppIcon;
				ASSETCATALOG_COMPILER_GLOBAL_ACCENT_COLOR_NAME = AccentColor;
				CODE_SIGN_ENTITLEMENTS = Nuke/Nuke.entitlements;
				CODE_SIGN_IDENTITY = "-";
				CODE_SIGN_STYLE = Automatic;
				COMBINE_HIDPI_IMAGES = YES;
				INFOPLIST_FILE = Nuke/Info.plist;
				LD_RUNPATH_SEARCH_PATHS = (
					"$(inherited)",
					"@executable_path/../Frameworks",
				);
				PRODUCT_BUNDLE_IDENTIFIER = com.magnesiumsoftware.Nuke;
				PRODUCT_NAME = "$(TARGET_NAME)";
				SWIFT_VERSION = 5.0;
			};
			name = Release;
		};
/* End XCBuildConfiguration section */

/* Begin XCConfigurationList section */
		C901CA6125993DEE006DF5BE /* Build configuration list for PBXProject "Nuke" */ = {
			isa = XCConfigurationList;
			buildConfigurations = (
				C901CA7425993DEE006DF5BE /* Debug */,
				C901CA7525993DEE006DF5BE /* Release */,
			);
			defaultConfigurationIsVisible = 0;
			defaultConfigurationName = Release;
		};
		C901CA7625993DEE006DF5BE /* Build configuration list for PBXNativeTarget "Nuke" */ = {
			isa = XCConfigurationList;
			buildConfigurations = (
				C901CA7725993DEE006DF5BE /* Debug */,
				C901CA7825993DEE006DF5BE /* Release */,
			);
			defaultConfigurationIsVisible = 0;
			defaultConfigurationName = Release;
		};
/* End XCConfigurationList section */
	};
	rootObject = C901CA5E25993DEE006DF5BE /* Project object */;
}
